schema: '2.0'
stages:
  pre:
    cmd: python pre.py
    deps:
    - path: data/
      hash: md5
      md5: 02deba0f7acf5b1f36d5ab674e96c8b6.dir
      size: 0
      nfiles: 4
    - path: pre.py
      hash: md5
      md5: 638c8c922f57c0668fcacfa6ddc0ce5f
      size: 268
    outs:
    - path: prepro/
      hash: md5
      md5: 4bf6fbf2c7ffb1a6769c2a0f0a438427.dir
      size: 87
      nfiles: 1
  post:
    cmd: python main.py
    deps:
    - path: main.py
      hash: md5
      md5: 1c41ecb5066b7fc23200961896b4b32b
      size: 318
    - path: params.yaml
      hash: md5
      md5: c8ff775e2e198b84f9d0c793c673fe75
      size: 24
    - path: prepro/
      hash: md5
      md5: 4bf6fbf2c7ffb1a6769c2a0f0a438427.dir
      size: 87
      nfiles: 1
    outs:
    - path: dvclive/
      hash: md5
      md5: 8ff88f5ece6f92ef96d76949b5cd89c2.dir
      size: 15
      nfiles: 1
